// !$*UTF8*$!
{
	archiveVersion = 1;
	classes = {
	};
	objectVersion = 50;
	objects = {

/* Begin PBXBuildFile section */
		A6062B912588C80C00170649 /* Coordinator.swift in Sources */ = {isa = PBXBuildFile; fileRef = A6062B902588C80C00170649 /* Coordinator.swift */; };
		A617C00825864BE300187501 /* AppDelegate.swift in Sources */ = {isa = PBXBuildFile; fileRef = A617C00725864BE300187501 /* AppDelegate.swift */; };
		A617C00F25864BE300187501 /* Main.storyboard in Resources */ = {isa = PBXBuildFile; fileRef = A617C00D25864BE300187501 /* Main.storyboard */; };
		A617C01125864BE500187501 /* Assets.xcassets in Resources */ = {isa = PBXBuildFile; fileRef = A617C01025864BE500187501 /* Assets.xcassets */; };
		A617C01425864BE500187501 /* LaunchScreen.storyboard in Resources */ = {isa = PBXBuildFile; fileRef = A617C01225864BE500187501 /* LaunchScreen.storyboard */; };
		A617C01F25865B8500187501 /* Storyboarded.swift in Sources */ = {isa = PBXBuildFile; fileRef = A617C01E25865B8500187501 /* Storyboarded.swift */; };
		A6B6CD0F2589D4A600FD2C65 /* AppCoordinator.swift in Sources */ = {isa = PBXBuildFile; fileRef = A6B6CD0E2589D4A600FD2C65 /* AppCoordinator.swift */; };
		A6B6CD1A2589DB9200FD2C65 /* ItemListTableViewController.swift in Sources */ = {isa = PBXBuildFile; fileRef = A6B6CD192589DB9200FD2C65 /* ItemListTableViewController.swift */; };
		A6B6CD1E2589DBD300FD2C65 /* ItemListCoordinator.swift in Sources */ = {isa = PBXBuildFile; fileRef = A6B6CD1D2589DBD300FD2C65 /* ItemListCoordinator.swift */; };
		A6B6CD212589DED700FD2C65 /* ItemDetailsViewController.swift in Sources */ = {isa = PBXBuildFile; fileRef = A6B6CD202589DED700FD2C65 /* ItemDetailsViewController.swift */; };
		A6B6CD292589FF6700FD2C65 /* DetailsCoordinator.swift in Sources */ = {isa = PBXBuildFile; fileRef = A6B6CD282589FF6700FD2C65 /* DetailsCoordinator.swift */; };
		A6B6CD2E258A1A5B00FD2C65 /* Presentable.swift in Sources */ = {isa = PBXBuildFile; fileRef = A6B6CD2D258A1A5B00FD2C65 /* Presentable.swift */; };
		A6B6CD32258A1BA500FD2C65 /* DetailsFlowModulesFactory.swift in Sources */ = {isa = PBXBuildFile; fileRef = A6B6CD31258A1BA500FD2C65 /* DetailsFlowModulesFactory.swift */; };
		A6B6CD36258A277B00FD2C65 /* DetailsCoordinatorFactory.swift in Sources */ = {isa = PBXBuildFile; fileRef = A6B6CD35258A277B00FD2C65 /* DetailsCoordinatorFactory.swift */; };
		A6B6CD3B258B379C00FD2C65 /* Router.swift in Sources */ = {isa = PBXBuildFile; fileRef = A6B6CD3A258B379C00FD2C65 /* Router.swift */; };
		A6B6CD3F258B37E000FD2C65 /* NavigationRouter.swift in Sources */ = {isa = PBXBuildFile; fileRef = A6B6CD3E258B37E000FD2C65 /* NavigationRouter.swift */; };
		A6B6CD42258B381000FD2C65 /* NavigationRouterImpl.swift in Sources */ = {isa = PBXBuildFile; fileRef = A6B6CD41258B381000FD2C65 /* NavigationRouterImpl.swift */; };
		A6B6CD47258B38DD00FD2C65 /* ItemListCoordinatorFactory.swift in Sources */ = {isa = PBXBuildFile; fileRef = A6B6CD46258B38DD00FD2C65 /* ItemListCoordinatorFactory.swift */; };
		A6B6CD4A258B3A0600FD2C65 /* ItemListFlowModulesFactory.swift in Sources */ = {isa = PBXBuildFile; fileRef = A6B6CD49258B3A0600FD2C65 /* ItemListFlowModulesFactory.swift */; };
/* End PBXBuildFile section */

/* Begin PBXFileReference section */
		A6062B902588C80C00170649 /* Coordinator.swift */ = {isa = PBXFileReference; lastKnownFileType = sourcecode.swift; name = Coordinator.swift; path = "Coordinator Example/Coordinator Base/Coordinator.swift"; sourceTree = SOURCE_ROOT; };
		A617C00425864BE300187501 /* Coordinator Example.app */ = {isa = PBXFileReference; explicitFileType = wrapper.application; includeInIndex = 0; path = "Coordinator Example.app"; sourceTree = BUILT_PRODUCTS_DIR; };
		A617C00725864BE300187501 /* AppDelegate.swift */ = {isa = PBXFileReference; lastKnownFileType = sourcecode.swift; path = AppDelegate.swift; sourceTree = "<group>"; };
		A617C00E25864BE300187501 /* Base */ = {isa = PBXFileReference; lastKnownFileType = file.storyboard; name = Base; path = Base.lproj/Main.storyboard; sourceTree = "<group>"; };
		A617C01025864BE500187501 /* Assets.xcassets */ = {isa = PBXFileReference; lastKnownFileType = folder.assetcatalog; path = Assets.xcassets; sourceTree = "<group>"; };
		A617C01325864BE500187501 /* Base */ = {isa = PBXFileReference; lastKnownFileType = file.storyboard; name = Base; path = Base.lproj/LaunchScreen.storyboard; sourceTree = "<group>"; };
		A617C01525864BE500187501 /* Info.plist */ = {isa = PBXFileReference; lastKnownFileType = text.plist.xml; path = Info.plist; sourceTree = "<group>"; };
		A617C01E25865B8500187501 /* Storyboarded.swift */ = {isa = PBXFileReference; lastKnownFileType = sourcecode.swift; path = Storyboarded.swift; sourceTree = "<group>"; };
		A6B6CD0E2589D4A600FD2C65 /* AppCoordinator.swift */ = {isa = PBXFileReference; lastKnownFileType = sourcecode.swift; path = AppCoordinator.swift; sourceTree = "<group>"; };
		A6B6CD192589DB9200FD2C65 /* ItemListTableViewController.swift */ = {isa = PBXFileReference; lastKnownFileType = sourcecode.swift; path = ItemListTableViewController.swift; sourceTree = "<group>"; };
		A6B6CD1D2589DBD300FD2C65 /* ItemListCoordinator.swift */ = {isa = PBXFileReference; lastKnownFileType = sourcecode.swift; path = ItemListCoordinator.swift; sourceTree = "<group>"; };
		A6B6CD202589DED700FD2C65 /* ItemDetailsViewController.swift */ = {isa = PBXFileReference; lastKnownFileType = sourcecode.swift; path = ItemDetailsViewController.swift; sourceTree = "<group>"; };
		A6B6CD282589FF6700FD2C65 /* DetailsCoordinator.swift */ = {isa = PBXFileReference; lastKnownFileType = sourcecode.swift; path = DetailsCoordinator.swift; sourceTree = "<group>"; };
		A6B6CD2D258A1A5B00FD2C65 /* Presentable.swift */ = {isa = PBXFileReference; lastKnownFileType = sourcecode.swift; path = Presentable.swift; sourceTree = "<group>"; };
		A6B6CD31258A1BA500FD2C65 /* DetailsFlowModulesFactory.swift */ = {isa = PBXFileReference; lastKnownFileType = sourcecode.swift; path = DetailsFlowModulesFactory.swift; sourceTree = "<group>"; };
		A6B6CD35258A277B00FD2C65 /* DetailsCoordinatorFactory.swift */ = {isa = PBXFileReference; lastKnownFileType = sourcecode.swift; path = DetailsCoordinatorFactory.swift; sourceTree = "<group>"; };
		A6B6CD3A258B379C00FD2C65 /* Router.swift */ = {isa = PBXFileReference; lastKnownFileType = sourcecode.swift; path = Router.swift; sourceTree = "<group>"; };
		A6B6CD3E258B37E000FD2C65 /* NavigationRouter.swift */ = {isa = PBXFileReference; lastKnownFileType = sourcecode.swift; path = NavigationRouter.swift; sourceTree = "<group>"; };
		A6B6CD41258B381000FD2C65 /* NavigationRouterImpl.swift */ = {isa = PBXFileReference; lastKnownFileType = sourcecode.swift; path = NavigationRouterImpl.swift; sourceTree = "<group>"; };
		A6B6CD46258B38DD00FD2C65 /* ItemListCoordinatorFactory.swift */ = {isa = PBXFileReference; lastKnownFileType = sourcecode.swift; path = ItemListCoordinatorFactory.swift; sourceTree = "<group>"; };
		A6B6CD49258B3A0600FD2C65 /* ItemListFlowModulesFactory.swift */ = {isa = PBXFileReference; lastKnownFileType = sourcecode.swift; path = ItemListFlowModulesFactory.swift; sourceTree = "<group>"; };
/* End PBXFileReference section */

/* Begin PBXFrameworksBuildPhase section */
		A617C00125864BE300187501 /* Frameworks */ = {
			isa = PBXFrameworksBuildPhase;
			buildActionMask = 2147483647;
			files = (
			);
			runOnlyForDeploymentPostprocessing = 0;
		};
/* End PBXFrameworksBuildPhase section */

/* Begin PBXGroup section */
		A6062B8F2588C7ED00170649 /* Helpers */ = {
			isa = PBXGroup;
			children = (
				A617C01E25865B8500187501 /* Storyboarded.swift */,
			);
			path = Helpers;
			sourceTree = "<group>";
		};
		A617BFFB25864BE300187501 = {
			isa = PBXGroup;
			children = (
				A617C00625864BE300187501 /* Coordinator Example */,
				A617C00525864BE300187501 /* Products */,
			);
			sourceTree = "<group>";
		};
		A617C00525864BE300187501 /* Products */ = {
			isa = PBXGroup;
			children = (
				A617C00425864BE300187501 /* Coordinator Example.app */,
			);
			name = Products;
			sourceTree = "<group>";
		};
		A617C00625864BE300187501 /* Coordinator Example */ = {
			isa = PBXGroup;
			children = (
				A6B6CD172589DB5F00FD2C65 /* Flows */,
				A6B6CD2C258A1A4A00FD2C65 /* Coordinator Base */,
				A6B6CD52258B3DE700FD2C65 /* Res and Configs */,
				A6062B8F2588C7ED00170649 /* Helpers */,
				A617C01525864BE500187501 /* Info.plist */,
			);
			path = "Coordinator Example";
			sourceTree = "<group>";
		};
		A6B6CD172589DB5F00FD2C65 /* Flows */ = {
			isa = PBXGroup;
			children = (
				A6B6CD51258B3DD300FD2C65 /* App Flow */,
				A6B6CD272589FF5300FD2C65 /* Details Flow */,
				A6B6CD182589DB6600FD2C65 /* Item List Flow */,
			);
			path = Flows;
			sourceTree = "<group>";
		};
		A6B6CD182589DB6600FD2C65 /* Item List Flow */ = {
			isa = PBXGroup;
			children = (
				A6B6CD45258B38BF00FD2C65 /* Factories */,
				A6B6CD1D2589DBD300FD2C65 /* ItemListCoordinator.swift */,
				A6B6CD192589DB9200FD2C65 /* ItemListTableViewController.swift */,
			);
			path = "Item List Flow";
			sourceTree = "<group>";
		};
		A6B6CD272589FF5300FD2C65 /* Details Flow */ = {
			isa = PBXGroup;
			children = (
				A6B6CD44258B389E00FD2C65 /* Factories */,
				A6B6CD282589FF6700FD2C65 /* DetailsCoordinator.swift */,
				A6B6CD202589DED700FD2C65 /* ItemDetailsViewController.swift */,
			);
			path = "Details Flow";
			sourceTree = "<group>";
		};
		A6B6CD2C258A1A4A00FD2C65 /* Coordinator Base */ = {
			isa = PBXGroup;
			children = (
				A6062B902588C80C00170649 /* Coordinator.swift */,
				A6B6CD2D258A1A5B00FD2C65 /* Presentable.swift */,
				A6B6CD3A258B379C00FD2C65 /* Router.swift */,
				A6B6CD3E258B37E000FD2C65 /* NavigationRouter.swift */,
				A6B6CD41258B381000FD2C65 /* NavigationRouterImpl.swift */,
			);
			path = "Coordinator Base";
			sourceTree = "<group>";
		};
		A6B6CD44258B389E00FD2C65 /* Factories */ = {
			isa = PBXGroup;
			children = (
				A6B6CD31258A1BA500FD2C65 /* DetailsFlowModulesFactory.swift */,
				A6B6CD35258A277B00FD2C65 /* DetailsCoordinatorFactory.swift */,
			);
			path = Factories;
			sourceTree = "<group>";
		};
		A6B6CD45258B38BF00FD2C65 /* Factories */ = {
			isa = PBXGroup;
			children = (
				A6B6CD46258B38DD00FD2C65 /* ItemListCoordinatorFactory.swift */,
				A6B6CD49258B3A0600FD2C65 /* ItemListFlowModulesFactory.swift */,
			);
			path = Factories;
			sourceTree = "<group>";
		};
		A6B6CD51258B3DD300FD2C65 /* App Flow */ = {
			isa = PBXGroup;
			children = (
				A617C00725864BE300187501 /* AppDelegate.swift */,
				A6B6CD0E2589D4A600FD2C65 /* AppCoordinator.swift */,
			);
			path = "App Flow";
			sourceTree = "<group>";
		};
		A6B6CD52258B3DE700FD2C65 /* Res and Configs */ = {
			isa = PBXGroup;
			children = (
				A617C00D25864BE300187501 /* Main.storyboard */,
				A617C01025864BE500187501 /* Assets.xcassets */,
				A617C01225864BE500187501 /* LaunchScreen.storyboard */,
			);
			path = "Res and Configs";
			sourceTree = "<group>";
		};
/* End PBXGroup section */

/* Begin PBXNativeTarget section */
		A617C00325864BE300187501 /* Coordinator Example */ = {
			isa = PBXNativeTarget;
			buildConfigurationList = A617C01825864BE500187501 /* Build configuration list for PBXNativeTarget "Coordinator Example" */;
			buildPhases = (
				A617C00025864BE300187501 /* Sources */,
				A617C00125864BE300187501 /* Frameworks */,
				A617C00225864BE300187501 /* Resources */,
			);
			buildRules = (
			);
			dependencies = (
			);
			name = "Coordinator Example";
			productName = "Coordinator Example";
			productReference = A617C00425864BE300187501 /* Coordinator Example.app */;
			productType = "com.apple.product-type.application";
		};
/* End PBXNativeTarget section */

/* Begin PBXProject section */
		A617BFFC25864BE300187501 /* Project object */ = {
			isa = PBXProject;
			attributes = {
				LastSwiftUpdateCheck = 1220;
				LastUpgradeCheck = 1220;
				TargetAttributes = {
					A617C00325864BE300187501 = {
						CreatedOnToolsVersion = 12.2;
					};
				};
			};
			buildConfigurationList = A617BFFF25864BE300187501 /* Build configuration list for PBXProject "Coordinator Example" */;
			compatibilityVersion = "Xcode 9.3";
			developmentRegion = en;
			hasScannedForEncodings = 0;
			knownRegions = (
				en,
				Base,
			);
			mainGroup = A617BFFB25864BE300187501;
			productRefGroup = A617C00525864BE300187501 /* Products */;
			projectDirPath = "";
			projectRoot = "";
			targets = (
				A617C00325864BE300187501 /* Coordinator Example */,
			);
		};
/* End PBXProject section */

/* Begin PBXResourcesBuildPhase section */
		A617C00225864BE300187501 /* Resources */ = {
			isa = PBXResourcesBuildPhase;
			buildActionMask = 2147483647;
			files = (
				A617C01425864BE500187501 /* LaunchScreen.storyboard in Resources */,
				A617C01125864BE500187501 /* Assets.xcassets in Resources */,
				A617C00F25864BE300187501 /* Main.storyboard in Resources */,
			);
			runOnlyForDeploymentPostprocessing = 0;
		};
/* End PBXResourcesBuildPhase section */

/* Begin PBXSourcesBuildPhase section */
		A617C00025864BE300187501 /* Sources */ = {
			isa = PBXSourcesBuildPhase;
			buildActionMask = 2147483647;
			files = (
				A6062B912588C80C00170649 /* Coordinator.swift in Sources */,
				A6B6CD1E2589DBD300FD2C65 /* ItemListCoordinator.swift in Sources */,
				A6B6CD32258A1BA500FD2C65 /* DetailsFlowModulesFactory.swift in Sources */,
				A6B6CD47258B38DD00FD2C65 /* ItemListCoordinatorFactory.swift in Sources */,
				A6B6CD36258A277B00FD2C65 /* DetailsCoordinatorFactory.swift in Sources */,
				A6B6CD2E258A1A5B00FD2C65 /* Presentable.swift in Sources */,
				A6B6CD1A2589DB9200FD2C65 /* ItemListTableViewController.swift in Sources */,
				A6B6CD4A258B3A0600FD2C65 /* ItemListFlowModulesFactory.swift in Sources */,
				A6B6CD42258B381000FD2C65 /* NavigationRouterImpl.swift in Sources */,
				A6B6CD0F2589D4A600FD2C65 /* AppCoordinator.swift in Sources */,
				A6B6CD3F258B37E000FD2C65 /* NavigationRouter.swift in Sources */,
				A617C00825864BE300187501 /* AppDelegate.swift in Sources */,
				A6B6CD212589DED700FD2C65 /* ItemDetailsViewController.swift in Sources */,
				A6B6CD292589FF6700FD2C65 /* DetailsCoordinator.swift in Sources */,
				A617C01F25865B8500187501 /* Storyboarded.swift in Sources */,
				A6B6CD3B258B379C00FD2C65 /* Router.swift in Sources */,
			);
			runOnlyForDeploymentPostprocessing = 0;
		};
/* End PBXSourcesBuildPhase section */

/* Begin PBXVariantGroup section */
		A617C00D25864BE300187501 /* Main.storyboard */ = {
			isa = PBXVariantGroup;
			children = (
				A617C00E25864BE300187501 /* Base */,
			);
			name = Main.storyboard;
			sourceTree = "<group>";
		};
		A617C01225864BE500187501 /* LaunchScreen.storyboard */ = {
			isa = PBXVariantGroup;
			children = (
				A617C01325864BE500187501 /* Base */,
			);
			name = LaunchScreen.storyboard;
			sourceTree = "<group>";
		};
/* End PBXVariantGroup section */

/* Begin XCBuildConfiguration section */
		A617C01625864BE500187501 /* Debug */ = {
			isa = XCBuildConfiguration;
			buildSettings = {
				ALWAYS_SEARCH_USER_PATHS = NO;
				CLANG_ANALYZER_NONNULL = YES;
				CLANG_ANALYZER_NUMBER_OBJECT_CONVERSION = YES_AGGRESSIVE;
				CLANG_CXX_LANGUAGE_STANDARD = "gnu++14";
				CLANG_CXX_LIBRARY = "libc++";
				CLANG_ENABLE_MODULES = YES;
				CLANG_ENABLE_OBJC_ARC = YES;
				CLANG_ENABLE_OBJC_WEAK = YES;
				CLANG_WARN_BLOCK_CAPTURE_AUTORELEASING = YES;
				CLANG_WARN_BOOL_CONVERSION = YES;
				CLANG_WARN_COMMA = YES;
				CLANG_WARN_CONSTANT_CONVERSION = YES;
				CLANG_WARN_DEPRECATED_OBJC_IMPLEMENTATIONS = YES;
				CLANG_WARN_DIRECT_OBJC_ISA_USAGE = YES_ERROR;
				CLANG_WARN_DOCUMENTATION_COMMENTS = YES;
				CLANG_WARN_EMPTY_BODY = YES;
				CLANG_WARN_ENUM_CONVERSION = YES;
				CLANG_WARN_INFINITE_RECURSION = YES;
				CLANG_WARN_INT_CONVERSION = YES;
				CLANG_WARN_NON_LITERAL_NULL_CONVERSION = YES;
				CLANG_WARN_OBJC_IMPLICIT_RETAIN_SELF = YES;
				CLANG_WARN_OBJC_LITERAL_CONVERSION = YES;
				CLANG_WARN_OBJC_ROOT_CLASS = YES_ERROR;
				CLANG_WARN_QUOTED_INCLUDE_IN_FRAMEWORK_HEADER = YES;
				CLANG_WARN_RANGE_LOOP_ANALYSIS = YES;
				CLANG_WARN_STRICT_PROTOTYPES = YES;
				CLANG_WARN_SUSPICIOUS_MOVE = YES;
				CLANG_WARN_UNGUARDED_AVAILABILITY = YES_AGGRESSIVE;
				CLANG_WARN_UNREACHABLE_CODE = YES;
				CLANG_WARN__DUPLICATE_METHOD_MATCH = YES;
				COPY_PHASE_STRIP = NO;
				DEBUG_INFORMATION_FORMAT = dwarf;
				ENABLE_STRICT_OBJC_MSGSEND = YES;
				ENABLE_TESTABILITY = YES;
				GCC_C_LANGUAGE_STANDARD = gnu11;
				GCC_DYNAMIC_NO_PIC = NO;
				GCC_NO_COMMON_BLOCKS = YES;
				GCC_OPTIMIZATION_LEVEL = 0;
				GCC_PREPROCESSOR_DEFINITIONS = (
					"DEBUG=1",
					"$(inherited)",
				);
				GCC_WARN_64_TO_32_BIT_CONVERSION = YES;
				GCC_WARN_ABOUT_RETURN_TYPE = YES_ERROR;
				GCC_WARN_UNDECLARED_SELECTOR = YES;
				GCC_WARN_UNINITIALIZED_AUTOS = YES_AGGRESSIVE;
				GCC_WARN_UNUSED_FUNCTION = YES;
				GCC_WARN_UNUSED_VARIABLE = YES;
				IPHONEOS_DEPLOYMENT_TARGET = 12.0;
				MTL_ENABLE_DEBUG_INFO = INCLUDE_SOURCE;
				MTL_FAST_MATH = YES;
				ONLY_ACTIVE_ARCH = YES;
				SDKROOT = iphoneos;
				SWIFT_ACTIVE_COMPILATION_CONDITIONS = DEBUG;
				SWIFT_OPTIMIZATION_LEVEL = "-Onone";
			};
			name = Debug;
		};
		A617C01725864BE500187501 /* Release */ = {
			isa = XCBuildConfiguration;
			buildSettings = {
				ALWAYS_SEARCH_USER_PATHS = NO;
				CLANG_ANALYZER_NONNULL = YES;
				CLANG_ANALYZER_NUMBER_OBJECT_CONVERSION = YES_AGGRESSIVE;
				CLANG_CXX_LANGUAGE_STANDARD = "gnu++14";
				CLANG_CXX_LIBRARY = "libc++";
				CLANG_ENABLE_MODULES = YES;
				CLANG_ENABLE_OBJC_ARC = YES;
				CLANG_ENABLE_OBJC_WEAK = YES;
				CLANG_WARN_BLOCK_CAPTURE_AUTORELEASING = YES;
				CLANG_WARN_BOOL_CONVERSION = YES;
				CLANG_WARN_COMMA = YES;
				CLANG_WARN_CONSTANT_CONVERSION = YES;
				CLANG_WARN_DEPRECATED_OBJC_IMPLEMENTATIONS = YES;
				CLANG_WARN_DIRECT_OBJC_ISA_USAGE = YES_ERROR;
				CLANG_WARN_DOCUMENTATION_COMMENTS = YES;
				CLANG_WARN_EMPTY_BODY = YES;
				CLANG_WARN_ENUM_CONVERSION = YES;
				CLANG_WARN_INFINITE_RECURSION = YES;
				CLANG_WARN_INT_CONVERSION = YES;
				CLANG_WARN_NON_LITERAL_NULL_CONVERSION = YES;
				CLANG_WARN_OBJC_IMPLICIT_RETAIN_SELF = YES;
				CLANG_WARN_OBJC_LITERAL_CONVERSION = YES;
				CLANG_WARN_OBJC_ROOT_CLASS = YES_ERROR;
				CLANG_WARN_QUOTED_INCLUDE_IN_FRAMEWORK_HEADER = YES;
				CLANG_WARN_RANGE_LOOP_ANALYSIS = YES;
				CLANG_WARN_STRICT_PROTOTYPES = YES;
				CLANG_WARN_SUSPICIOUS_MOVE = YES;
				CLANG_WARN_UNGUARDED_AVAILABILITY = YES_AGGRESSIVE;
				CLANG_WARN_UNREACHABLE_CODE = YES;
				CLANG_WARN__DUPLICATE_METHOD_MATCH = YES;
				COPY_PHASE_STRIP = NO;
				DEBUG_INFORMATION_FORMAT = "dwarf-with-dsym";
				ENABLE_NS_ASSERTIONS = NO;
				ENABLE_STRICT_OBJC_MSGSEND = YES;
				GCC_C_LANGUAGE_STANDARD = gnu11;
				GCC_NO_COMMON_BLOCKS = YES;
				GCC_WARN_64_TO_32_BIT_CONVERSION = YES;
				GCC_WARN_ABOUT_RETURN_TYPE = YES_ERROR;
				GCC_WARN_UNDECLARED_SELECTOR = YES;
				GCC_WARN_UNINITIALIZED_AUTOS = YES_AGGRESSIVE;
				GCC_WARN_UNUSED_FUNCTION = YES;
				GCC_WARN_UNUSED_VARIABLE = YES;
				IPHONEOS_DEPLOYMENT_TARGET = 12.0;
				MTL_ENABLE_DEBUG_INFO = NO;
				MTL_FAST_MATH = YES;
				SDKROOT = iphoneos;
				SWIFT_COMPILATION_MODE = wholemodule;
				SWIFT_OPTIMIZATION_LEVEL = "-O";
				VALIDATE_PRODUCT = YES;
			};
			name = Release;
		};
		A617C01925864BE500187501 /* Debug */ = {
			isa = XCBuildConfiguration;
			buildSettings = {
				ASSETCATALOG_COMPILER_APPICON_NAME = AppIcon;
				ASSETCATALOG_COMPILER_GLOBAL_ACCENT_COLOR_NAME = AccentColor;
				CODE_SIGN_STYLE = Automatic;
				DEVELOPMENT_TEAM = 89SDMMDX8M;
				INFOPLIST_FILE = "Coordinator Example/Info.plist";
				IPHONEOS_DEPLOYMENT_TARGET = 12.0;
				LD_RUNPATH_SEARCH_PATHS = (
					"$(inherited)",
					"@executable_path/Frameworks",
				);
				PRODUCT_BUNDLE_IDENTIFIER = "mobi.entertech.dev-my.Coordinator-Example";
				PRODUCT_NAME = "$(TARGET_NAME)";
				SWIFT_VERSION = 5.0;
				TARGETED_DEVICE_FAMILY = 1;
			};
			name = Debug;
		};
		A617C01A25864BE500187501 /* Release */ = {
			isa = XCBuildConfiguration;
			buildSettings = {
				ASSETCATALOG_COMPILER_APPICON_NAME = AppIcon;
				ASSETCATALOG_COMPILER_GLOBAL_ACCENT_COLOR_NAME = AccentColor;
				CODE_SIGN_STYLE = Automatic;
				DEVELOPMENT_TEAM = 89SDMMDX8M;
				INFOPLIST_FILE = "Coordinator Example/Info.plist";
				IPHONEOS_DEPLOYMENT_TARGET = 12.0;
				LD_RUNPATH_SEARCH_PATHS = (
					"$(inherited)",
					"@executable_path/Frameworks",
				);
				PRODUCT_BUNDLE_IDENTIFIER = "mobi.entertech.dev-my.Coordinator-Example";
				PRODUCT_NAME = "$(TARGET_NAME)";
				SWIFT_VERSION = 5.0;
				TARGETED_DEVICE_FAMILY = 1;
			};
			name = Release;
		};
/* End XCBuildConfiguration section */

/* Begin XCConfigurationList section */
		A617BFFF25864BE300187501 /* Build configuration list for PBXProject "Coordinator Example" */ = {
			isa = XCConfigurationList;
			buildConfigurations = (
				A617C01625864BE500187501 /* Debug */,
				A617C01725864BE500187501 /* Release */,
			);
			defaultConfigurationIsVisible = 0;
			defaultConfigurationName = Release;
		};
		A617C01825864BE500187501 /* Build configuration list for PBXNativeTarget "Coordinator Example" */ = {
			isa = XCConfigurationList;
			buildConfigurations = (
				A617C01925864BE500187501 /* Debug */,
				A617C01A25864BE500187501 /* Release */,
			);
			defaultConfigurationIsVisible = 0;
			defaultConfigurationName = Release;
		};
/* End XCConfigurationList section */
	};
	rootObject = A617BFFC25864BE300187501 /* Project object */;
}
